
Microsoft Visual Studio Solution File, Format Version 12.00
# Visual Studio Version 17
VisualStudioVersion = 17.14.36616.10 d17.14
MinimumVisualStudioVersion = 10.0.40219.1
Project("{8BC9CEB8-8B4A-11D0-8D11-00A0C91BC942}") = "ConsoleApplication4", "ConsoleApplication4\ConsoleApplication4.vcxproj", "{ADA3AB77-2B53-475A-B5D6-F32FC3985E20}"
EndProject
Global
	GlobalSection(SolutionConfigurationPlatforms) = preSolution
		Debug|x64 = Debug|x64
		Debug|x86 = Debug|x86
		Release|x64 = Release|x64
		Release|x86 = Release|x86
	EndGlobalSection
	GlobalSection(ProjectConfigurationPlatforms) = postSolution
		{ADA3AB77-2B53-475A-B5D6-F32FC3985E20}.Debug|x64.ActiveCfg = Debug|x64
		{ADA3AB77-2B53-475A-B5D6-F32FC3985E20}.Debug|x64.Build.0 = Debug|x64
		{ADA3AB77-2B53-475A-B5D6-F32FC3985E20}.Debug|x86.ActiveCfg = Debug|Win32
		{ADA3AB77-2B53-475A-B5D6-F32FC3985E20}.Debug|x86.Build.0 = Debug|Win32
		{ADA3AB77-2B53-475A-B5D6-F32FC3985E20}.Release|x64.ActiveCfg = Release|x64
		{ADA3AB77-2B53-475A-B5D6-F32FC3985E20}.Release|x64.Build.0 = Release|x64
		{ADA3AB77-2B53-475A-B5D6-F32FC3985E20}.Release|x86.ActiveCfg = Release|Win32
		{ADA3AB77-2B53-475A-B5D6-F32FC3985E20}.Release|x86.Build.0 = Release|Win32
	EndGlobalSection
	GlobalSection(SolutionProperties) = preSolution
		HideSolutionNode = FALSE
	EndGlobalSection
	GlobalSection(ExtensibilityGlobals) = postSolution
		SolutionGuid = {824214C3-1AC4-4DD7-994D-5CAA235C191D}
	EndGlobalSection
EndGlobal
